{
  "nodes": {
    "baycomp": {
      "inputs": {
        "nixpkgs": "nixpkgs",
        "src": "src"
      },
      "locked": {
        "lastModified": 1652453058,
        "narHash": "sha256-LxMeUe5QGEYGqCinCqUso3BTTmX2z+uH3xCygcmpWX8=",
        "owner": "dpaetzel",
        "repo": "flake-baycomp",
        "rev": "1cb4b6aea5a0de93caf4b93dd4079674cbcc00e0",
        "type": "github"
      },
      "original": {
        "owner": "dpaetzel",
        "repo": "flake-baycomp",
        "type": "github"
      }
    },
    "kerasTunerSrc": {
      "flake": false,
      "locked": {
        "lastModified": 1636132191,
        "narHash": "sha256-DOMAz7Yjb3vfKYqjnhJZYhV1hrTgeOzkHc48XHUNrmM=",
        "owner": "keras-team",
        "repo": "keras-tuner",
        "rev": "4146d8e3182df6c4ce928e853a7b3c977ab00034",
        "type": "github"
      },
      "original": {
        "owner": "keras-team",
        "ref": "1.1.0",
        "repo": "keras-tuner",
        "type": "github"
      }
    },
    "ktLegacySrc": {
      "flake": false,
      "locked": {
        "lastModified": 1628631947,
        "narHash": "sha256-BYe9boMpoGdFuhEfhXRytxmLq89hjejofDTugoYi0kY=",
        "owner": "haifeng-jin",
        "repo": "kt-legacy",
        "rev": "15686b5e2d25b7094134d68956b2edce5dffa7a0",
        "type": "github"
      },
      "original": {
        "owner": "haifeng-jin",
        "repo": "kt-legacy",
        "type": "github"
      }
    },
    "nixpkgs": {
      "locked": {
        "lastModified": 1642940213,
        "narHash": "sha256-LXGwfPrtbhix9IRUT2phtbJsur41lkTsrKcTcS0lzIc=",
        "owner": "NixOS",
        "repo": "nixpkgs",
        "rev": "8ca77a63599ed951d6a2d244c1d62092776a3fe1",
        "type": "github"
      },
      "original": {
        "owner": "NixOS",
        "repo": "nixpkgs",
        "rev": "8ca77a63599ed951d6a2d244c1d62092776a3fe1",
        "type": "github"
      }
    },
    "nixpkgs_2": {
      "locked": {
        "lastModified": 1642940213,
        "narHash": "sha256-LXGwfPrtbhix9IRUT2phtbJsur41lkTsrKcTcS0lzIc=",
        "owner": "NixOS",
        "repo": "nixpkgs",
        "rev": "8ca77a63599ed951d6a2d244c1d62092776a3fe1",
        "type": "github"
      },
      "original": {
        "owner": "NixOS",
        "repo": "nixpkgs",
        "rev": "8ca77a63599ed951d6a2d244c1d62092776a3fe1",
        "type": "github"
      }
    },
    "overlays": {
      "inputs": {
        "kerasTunerSrc": "kerasTunerSrc",
        "ktLegacySrc": "ktLegacySrc"
      },
      "locked": {
        "lastModified": 1647347991,
        "narHash": "sha256-UYO60L03uNiEvb3uGc8AeCk2if6xObz/mURbviEbtJ4=",
        "owner": "dpaetzel",
        "repo": "overlays",
        "rev": "0ee7f9e874d1679c4303759968887ca80571b257",
        "type": "github"
      },
      "original": {
        "owner": "dpaetzel",
        "repo": "overlays",
        "type": "github"
      }
    },
    "root": {
      "inputs": {
        "baycomp": "baycomp",
        "nixpkgs": "nixpkgs_2",
        "overlays": "overlays"
      }
    },
    "src": {
      "flake": false,
      "locked": {
        "lastModified": 1648741820,
        "narHash": "sha256-czIHbHi3hiI6cCwe6aVi903numCbc0Ic4l3SOY/oJcI=",
        "owner": "janezd",
        "repo": "baycomp",
        "rev": "9fc56da7c8b56eb1dbd2df725e18606818434a20",
        "type": "github"
      },
      "original": {
        "owner": "janezd",
        "repo": "baycomp",
        "type": "github"
      }
    }
  },
  "root": "root",
  "version": 7
}
