{
  "nodes": {
    "baycomp": {
      "inputs": {
        "nixpkgs": [
          "nixpkgs"
        ]
      },
      "locked": {
        "lastModified": 1652457566,
        "narHash": "sha256-FKit7qh189LknzxLnkVZX372re5eLjBaLO188vR0DlE=",
        "owner": "dpaetzel",
        "repo": "baycomp",
        "rev": "7dbb0cbfb4534b62948d5a62f78d9853576e9b96",
        "type": "github"
      },
      "original": {
        "owner": "dpaetzel",
        "repo": "baycomp",
        "type": "github"
      }
    },
    "cmpbayes": {
      "inputs": {
        "nixpkgs": [
          "nixpkgs"
        ]
      },
      "locked": {
        "lastModified": 1656426737,
        "narHash": "sha256-lkVa8rSfWvH5OGrKNEMCiU5figF4eyllLSddyauvoHM=",
        "owner": "dpaetzel",
        "repo": "cmpbayes",
        "rev": "62366d1585027d2aed66c97485e52dfc7098582b",
        "type": "github"
      },
      "original": {
        "owner": "dpaetzel",
        "repo": "cmpbayes",
        "type": "github"
      }
    },
    "nixpkgs": {
      "locked": {
        "lastModified": 1653816466,
        "narHash": "sha256-wLTkas+ZBBywE0J+b9oeHK2PnU7QjXKNGnBlYlB9JVQ=",
        "owner": "nixos",
        "repo": "nixpkgs",
        "rev": "af04d4eb146cb3784c883a76997613f2524e310e",
        "type": "github"
      },
      "original": {
        "owner": "nixos",
        "repo": "nixpkgs",
        "rev": "af04d4eb146cb3784c883a76997613f2524e310e",
        "type": "github"
      }
    },
    "root": {
      "inputs": {
        "baycomp": "baycomp",
        "cmpbayes": "cmpbayes",
        "nixpkgs": "nixpkgs"
      }
    }
  },
  "root": "root",
  "version": 7
}
